
Microsoft Visual Studio Solution File, Format Version 12.00
# Visual Studio 15
VisualStudioVersion = 15.0.27130.2010
MinimumVisualStudioVersion = 10.0.40219.1
Project("{FAE04EC0-301F-11D3-BF4B-00C04F79EFBC}") = "GolovinskyAPI", "GolovinskyAPI\GolovinskyAPI.csproj", "{5142E6C2-C006-478C-8B10-C54D0AB5D924}"
EndProject
Global
	GlobalSection(SolutionConfigurationPlatforms) = preSolution
		Debug|Any CPU = Debug|Any CPU
		Release|Any CPU = Release|Any CPU
	EndGlobalSection
	GlobalSection(ProjectConfigurationPlatforms) = postSolution
		{5142E6C2-C006-478C-8B10-C54D0AB5D924}.Debug|Any CPU.ActiveCfg = Debug|Any CPU
		{5142E6C2-C006-478C-8B10-C54D0AB5D924}.Debug|Any CPU.Build.0 = Debug|Any CPU
		{5142E6C2-C006-478C-8B10-C54D0AB5D924}.Release|Any CPU.ActiveCfg = Release|Any CPU
		{5142E6C2-C006-478C-8B10-C54D0AB5D924}.Release|Any CPU.Build.0 = Release|Any CPU
	EndGlobalSection
	GlobalSection(SolutionProperties) = preSolution
		HideSolutionNode = FALSE
	EndGlobalSection
	GlobalSection(ExtensibilityGlobals) = postSolution
		SolutionGuid = {077F8BC2-BA41-4D1D-8AC4-2AA892FF53C3}
	EndGlobalSection
EndGlobal
